
Microsoft Visual Studio Solution File, Format Version 12.00
# Visual Studio 14
VisualStudioVersion = 14.0.25420.1
MinimumVisualStudioVersion = 10.0.40219.1
Project("{F184B08F-C81C-45F6-A57F-5ABD9991F28F}") = "Gruppe21-Prosjekt-Alpha", "Gruppe21-Prosjekt-Alpha.vbproj", "{FA024B46-86ED-4956-AF25-0D6D016E5568}"
EndProject
Global
	GlobalSection(SolutionConfigurationPlatforms) = preSolution
		Debug|Any CPU = Debug|Any CPU
		Release|Any CPU = Release|Any CPU
	EndGlobalSection
	GlobalSection(ProjectConfigurationPlatforms) = postSolution
		{FA024B46-86ED-4956-AF25-0D6D016E5568}.Debug|Any CPU.ActiveCfg = Debug|Any CPU
		{FA024B46-86ED-4956-AF25-0D6D016E5568}.Debug|Any CPU.Build.0 = Debug|Any CPU
		{FA024B46-86ED-4956-AF25-0D6D016E5568}.Release|Any CPU.ActiveCfg = Release|Any CPU
		{FA024B46-86ED-4956-AF25-0D6D016E5568}.Release|Any CPU.Build.0 = Release|Any CPU
	EndGlobalSection
	GlobalSection(SolutionProperties) = preSolution
		HideSolutionNode = FALSE
	EndGlobalSection
EndGlobal
